// !$*UTF8*$!
{
	archiveVersion = 1;
	classes = {
	};
	objectVersion = 56;
	objects = {

/* Begin PBXBuildFile section */
		B5ED7DFE29B9CCE200ADC8BE /* AppDelegate.swift in Sources */ = {isa = PBXBuildFile; fileRef = B5ED7DFD29B9CCE200ADC8BE /* AppDelegate.swift */; };
		B5ED7E0029B9CCE200ADC8BE /* SceneDelegate.swift in Sources */ = {isa = PBXBuildFile; fileRef = B5ED7DFF29B9CCE200ADC8BE /* SceneDelegate.swift */; };
		B5ED7E0229B9CCE200ADC8BE /* ViewController.swift in Sources */ = {isa = PBXBuildFile; fileRef = B5ED7E0129B9CCE200ADC8BE /* ViewController.swift */; };
		B5ED7E0529B9CCE200ADC8BE /* Main.storyboard in Resources */ = {isa = PBXBuildFile; fileRef = B5ED7E0329B9CCE200ADC8BE /* Main.storyboard */; };
		B5ED7E0729B9CCE400ADC8BE /* Assets.xcassets in Resources */ = {isa = PBXBuildFile; fileRef = B5ED7E0629B9CCE400ADC8BE /* Assets.xcassets */; };
		B5ED7E0A29B9CCE400ADC8BE /* LaunchScreen.storyboard in Resources */ = {isa = PBXBuildFile; fileRef = B5ED7E0829B9CCE400ADC8BE /* LaunchScreen.storyboard */; };
		B5ED7E1229B9CCFF00ADC8BE /* ViewControllerPreview.swift in Sources */ = {isa = PBXBuildFile; fileRef = B5ED7E1129B9CCFF00ADC8BE /* ViewControllerPreview.swift */; };
/* End PBXBuildFile section */

/* Begin PBXFileReference section */
		B5ED7DFA29B9CCE200ADC8BE /* lesson 3 animations.app */ = {isa = PBXFileReference; explicitFileType = wrapper.application; includeInIndex = 0; path = "lesson 3 animations.app"; sourceTree = BUILT_PRODUCTS_DIR; };
		B5ED7DFD29B9CCE200ADC8BE /* AppDelegate.swift */ = {isa = PBXFileReference; lastKnownFileType = sourcecode.swift; path = AppDelegate.swift; sourceTree = "<group>"; };
		B5ED7DFF29B9CCE200ADC8BE /* SceneDelegate.swift */ = {isa = PBXFileReference; lastKnownFileType = sourcecode.swift; path = SceneDelegate.swift; sourceTree = "<group>"; };
		B5ED7E0129B9CCE200ADC8BE /* ViewController.swift */ = {isa = PBXFileReference; lastKnownFileType = sourcecode.swift; path = ViewController.swift; sourceTree = "<group>"; };
		B5ED7E0429B9CCE200ADC8BE /* Base */ = {isa = PBXFileReference; lastKnownFileType = file.storyboard; name = Base; path = Base.lproj/Main.storyboard; sourceTree = "<group>"; };
		B5ED7E0629B9CCE400ADC8BE /* Assets.xcassets */ = {isa = PBXFileReference; lastKnownFileType = folder.assetcatalog; path = Assets.xcassets; sourceTree = "<group>"; };
		B5ED7E0929B9CCE400ADC8BE /* Base */ = {isa = PBXFileReference; lastKnownFileType = file.storyboard; name = Base; path = Base.lproj/LaunchScreen.storyboard; sourceTree = "<group>"; };
		B5ED7E0B29B9CCE400ADC8BE /* Info.plist */ = {isa = PBXFileReference; lastKnownFileType = text.plist.xml; path = Info.plist; sourceTree = "<group>"; };
		B5ED7E1129B9CCFF00ADC8BE /* ViewControllerPreview.swift */ = {isa = PBXFileReference; fileEncoding = 4; lastKnownFileType = sourcecode.swift; path = ViewControllerPreview.swift; sourceTree = "<group>"; };
/* End PBXFileReference section */

/* Begin PBXFrameworksBuildPhase section */
		B5ED7DF729B9CCE200ADC8BE /* Frameworks */ = {
			isa = PBXFrameworksBuildPhase;
			buildActionMask = 2147483647;
			files = (
			);
			runOnlyForDeploymentPostprocessing = 0;
		};
/* End PBXFrameworksBuildPhase section */

/* Begin PBXGroup section */
		B5ED7DF129B9CCE200ADC8BE = {
			isa = PBXGroup;
			children = (
				B5ED7DFC29B9CCE200ADC8BE /* lesson 3 animations */,
				B5ED7DFB29B9CCE200ADC8BE /* Products */,
			);
			sourceTree = "<group>";
		};
		B5ED7DFB29B9CCE200ADC8BE /* Products */ = {
			isa = PBXGroup;
			children = (
				B5ED7DFA29B9CCE200ADC8BE /* lesson 3 animations.app */,
			);
			name = Products;
			sourceTree = "<group>";
		};
		B5ED7DFC29B9CCE200ADC8BE /* lesson 3 animations */ = {
			isa = PBXGroup;
			children = (
				B5ED7DFD29B9CCE200ADC8BE /* AppDelegate.swift */,
				B5ED7DFF29B9CCE200ADC8BE /* SceneDelegate.swift */,
				B5ED7E0129B9CCE200ADC8BE /* ViewController.swift */,
				B5ED7E0329B9CCE200ADC8BE /* Main.storyboard */,
				B5ED7E0629B9CCE400ADC8BE /* Assets.xcassets */,
				B5ED7E0829B9CCE400ADC8BE /* LaunchScreen.storyboard */,
				B5ED7E0B29B9CCE400ADC8BE /* Info.plist */,
				B5ED7E1129B9CCFF00ADC8BE /* ViewControllerPreview.swift */,
			);
			path = "lesson 3 animations";
			sourceTree = "<group>";
		};
/* End PBXGroup section */

/* Begin PBXNativeTarget section */
		B5ED7DF929B9CCE200ADC8BE /* lesson 3 animations */ = {
			isa = PBXNativeTarget;
			buildConfigurationList = B5ED7E0E29B9CCE400ADC8BE /* Build configuration list for PBXNativeTarget "lesson 3 animations" */;
			buildPhases = (
				B5ED7DF629B9CCE200ADC8BE /* Sources */,
				B5ED7DF729B9CCE200ADC8BE /* Frameworks */,
				B5ED7DF829B9CCE200ADC8BE /* Resources */,
			);
			buildRules = (
			);
			dependencies = (
			);
			name = "lesson 3 animations";
			productName = "lesson 3 animations";
			productReference = B5ED7DFA29B9CCE200ADC8BE /* lesson 3 animations.app */;
			productType = "com.apple.product-type.application";
		};
/* End PBXNativeTarget section */

/* Begin PBXProject section */
		B5ED7DF229B9CCE200ADC8BE /* Project object */ = {
			isa = PBXProject;
			attributes = {
				BuildIndependentTargetsInParallel = 1;
				LastSwiftUpdateCheck = 1420;
				LastUpgradeCheck = 1420;
				TargetAttributes = {
					B5ED7DF929B9CCE200ADC8BE = {
						CreatedOnToolsVersion = 14.2;
					};
				};
			};
			buildConfigurationList = B5ED7DF529B9CCE200ADC8BE /* Build configuration list for PBXProject "lesson 3 animations" */;
			compatibilityVersion = "Xcode 14.0";
			developmentRegion = en;
			hasScannedForEncodings = 0;
			knownRegions = (
				en,
				Base,
			);
			mainGroup = B5ED7DF129B9CCE200ADC8BE;
			productRefGroup = B5ED7DFB29B9CCE200ADC8BE /* Products */;
			projectDirPath = "";
			projectRoot = "";
			targets = (
				B5ED7DF929B9CCE200ADC8BE /* lesson 3 animations */,
			);
		};
/* End PBXProject section */

/* Begin PBXResourcesBuildPhase section */
		B5ED7DF829B9CCE200ADC8BE /* Resources */ = {
			isa = PBXResourcesBuildPhase;
			buildActionMask = 2147483647;
			files = (
				B5ED7E0A29B9CCE400ADC8BE /* LaunchScreen.storyboard in Resources */,
				B5ED7E0729B9CCE400ADC8BE /* Assets.xcassets in Resources */,
				B5ED7E0529B9CCE200ADC8BE /* Main.storyboard in Resources */,
			);
			runOnlyForDeploymentPostprocessing = 0;
		};
/* End PBXResourcesBuildPhase section */

/* Begin PBXSourcesBuildPhase section */
		B5ED7DF629B9CCE200ADC8BE /* Sources */ = {
			isa = PBXSourcesBuildPhase;
			buildActionMask = 2147483647;
			files = (
				B5ED7E0229B9CCE200ADC8BE /* ViewController.swift in Sources */,
				B5ED7DFE29B9CCE200ADC8BE /* AppDelegate.swift in Sources */,
				B5ED7E0029B9CCE200ADC8BE /* SceneDelegate.swift in Sources */,
				B5ED7E1229B9CCFF00ADC8BE /* ViewControllerPreview.swift in Sources */,
			);
			runOnlyForDeploymentPostprocessing = 0;
		};
/* End PBXSourcesBuildPhase section */

/* Begin PBXVariantGroup section */
		B5ED7E0329B9CCE200ADC8BE /* Main.storyboard */ = {
			isa = PBXVariantGroup;
			children = (
				B5ED7E0429B9CCE200ADC8BE /* Base */,
			);
			name = Main.storyboard;
			sourceTree = "<group>";
		};
		B5ED7E0829B9CCE400ADC8BE /* LaunchScreen.storyboard */ = {
			isa = PBXVariantGroup;
			children = (
				B5ED7E0929B9CCE400ADC8BE /* Base */,
			);
			name = LaunchScreen.storyboard;
			sourceTree = "<group>";
		};
/* End PBXVariantGroup section */

/* Begin XCBuildConfiguration section */
		B5ED7E0C29B9CCE400ADC8BE /* Debug */ = {
			isa = XCBuildConfiguration;
			buildSettings = {
				ALWAYS_SEARCH_USER_PATHS = NO;
				CLANG_ANALYZER_NONNULL = YES;
				CLANG_ANALYZER_NUMBER_OBJECT_CONVERSION = YES_AGGRESSIVE;
				CLANG_CXX_LANGUAGE_STANDARD = "gnu++20";
				CLANG_ENABLE_MODULES = YES;
				CLANG_ENABLE_OBJC_ARC = YES;
				CLANG_ENABLE_OBJC_WEAK = YES;
				CLANG_WARN_BLOCK_CAPTURE_AUTORELEASING = YES;
				CLANG_WARN_BOOL_CONVERSION = YES;
				CLANG_WARN_COMMA = YES;
				CLANG_WARN_CONSTANT_CONVERSION = YES;
				CLANG_WARN_DEPRECATED_OBJC_IMPLEMENTATIONS = YES;
				CLANG_WARN_DIRECT_OBJC_ISA_USAGE = YES_ERROR;
				CLANG_WARN_DOCUMENTATION_COMMENTS = YES;
				CLANG_WARN_EMPTY_BODY = YES;
				CLANG_WARN_ENUM_CONVERSION = YES;
				CLANG_WARN_INFINITE_RECURSION = YES;
				CLANG_WARN_INT_CONVERSION = YES;
				CLANG_WARN_NON_LITERAL_NULL_CONVERSION = YES;
				CLANG_WARN_OBJC_IMPLICIT_RETAIN_SELF = YES;
				CLANG_WARN_OBJC_LITERAL_CONVERSION = YES;
				CLANG_WARN_OBJC_ROOT_CLASS = YES_ERROR;
				CLANG_WARN_QUOTED_INCLUDE_IN_FRAMEWORK_HEADER = YES;
				CLANG_WARN_RANGE_LOOP_ANALYSIS = YES;
				CLANG_WARN_STRICT_PROTOTYPES = YES;
				CLANG_WARN_SUSPICIOUS_MOVE = YES;
				CLANG_WARN_UNGUARDED_AVAILABILITY = YES_AGGRESSIVE;
				CLANG_WARN_UNREACHABLE_CODE = YES;
				CLANG_WARN__DUPLICATE_METHOD_MATCH = YES;
				COPY_PHASE_STRIP = NO;
				DEBUG_INFORMATION_FORMAT = dwarf;
				ENABLE_STRICT_OBJC_MSGSEND = YES;
				ENABLE_TESTABILITY = YES;
				GCC_C_LANGUAGE_STANDARD = gnu11;
				GCC_DYNAMIC_NO_PIC = NO;
				GCC_NO_COMMON_BLOCKS = YES;
				GCC_OPTIMIZATION_LEVEL = 0;
				GCC_PREPROCESSOR_DEFINITIONS = (
					"DEBUG=1",
					"$(inherited)",
				);
				GCC_WARN_64_TO_32_BIT_CONVERSION = YES;
				GCC_WARN_ABOUT_RETURN_TYPE = YES_ERROR;
				GCC_WARN_UNDECLARED_SELECTOR = YES;
				GCC_WARN_UNINITIALIZED_AUTOS = YES_AGGRESSIVE;
				GCC_WARN_UNUSED_FUNCTION = YES;
				GCC_WARN_UNUSED_VARIABLE = YES;
				IPHONEOS_DEPLOYMENT_TARGET = 16.2;
				MTL_ENABLE_DEBUG_INFO = INCLUDE_SOURCE;
				MTL_FAST_MATH = YES;
				ONLY_ACTIVE_ARCH = YES;
				SDKROOT = iphoneos;
				SWIFT_ACTIVE_COMPILATION_CONDITIONS = DEBUG;
				SWIFT_OPTIMIZATION_LEVEL = "-Onone";
			};
			name = Debug;
		};
		B5ED7E0D29B9CCE400ADC8BE /* Release */ = {
			isa = XCBuildConfiguration;
			buildSettings = {
				ALWAYS_SEARCH_USER_PATHS = NO;
				CLANG_ANALYZER_NONNULL = YES;
				CLANG_ANALYZER_NUMBER_OBJECT_CONVERSION = YES_AGGRESSIVE;
				CLANG_CXX_LANGUAGE_STANDARD = "gnu++20";
				CLANG_ENABLE_MODULES = YES;
				CLANG_ENABLE_OBJC_ARC = YES;
				CLANG_ENABLE_OBJC_WEAK = YES;
				CLANG_WARN_BLOCK_CAPTURE_AUTORELEASING = YES;
				CLANG_WARN_BOOL_CONVERSION = YES;
				CLANG_WARN_COMMA = YES;
				CLANG_WARN_CONSTANT_CONVERSION = YES;
				CLANG_WARN_DEPRECATED_OBJC_IMPLEMENTATIONS = YES;
				CLANG_WARN_DIRECT_OBJC_ISA_USAGE = YES_ERROR;
				CLANG_WARN_DOCUMENTATION_COMMENTS = YES;
				CLANG_WARN_EMPTY_BODY = YES;
				CLANG_WARN_ENUM_CONVERSION = YES;
				CLANG_WARN_INFINITE_RECURSION = YES;
				CLANG_WARN_INT_CONVERSION = YES;
				CLANG_WARN_NON_LITERAL_NULL_CONVERSION = YES;
				CLANG_WARN_OBJC_IMPLICIT_RETAIN_SELF = YES;
				CLANG_WARN_OBJC_LITERAL_CONVERSION = YES;
				CLANG_WARN_OBJC_ROOT_CLASS = YES_ERROR;
				CLANG_WARN_QUOTED_INCLUDE_IN_FRAMEWORK_HEADER = YES;
				CLANG_WARN_RANGE_LOOP_ANALYSIS = YES;
				CLANG_WARN_STRICT_PROTOTYPES = YES;
				CLANG_WARN_SUSPICIOUS_MOVE = YES;
				CLANG_WARN_UNGUARDED_AVAILABILITY = YES_AGGRESSIVE;
				CLANG_WARN_UNREACHABLE_CODE = YES;
				CLANG_WARN__DUPLICATE_METHOD_MATCH = YES;
				COPY_PHASE_STRIP = NO;
				DEBUG_INFORMATION_FORMAT = "dwarf-with-dsym";
				ENABLE_NS_ASSERTIONS = NO;
				ENABLE_STRICT_OBJC_MSGSEND = YES;
				GCC_C_LANGUAGE_STANDARD = gnu11;
				GCC_NO_COMMON_BLOCKS = YES;
				GCC_WARN_64_TO_32_BIT_CONVERSION = YES;
				GCC_WARN_ABOUT_RETURN_TYPE = YES_ERROR;
				GCC_WARN_UNDECLARED_SELECTOR = YES;
				GCC_WARN_UNINITIALIZED_AUTOS = YES_AGGRESSIVE;
				GCC_WARN_UNUSED_FUNCTION = YES;
				GCC_WARN_UNUSED_VARIABLE = YES;
				IPHONEOS_DEPLOYMENT_TARGET = 16.2;
				MTL_ENABLE_DEBUG_INFO = NO;
				MTL_FAST_MATH = YES;
				SDKROOT = iphoneos;
				SWIFT_COMPILATION_MODE = wholemodule;
				SWIFT_OPTIMIZATION_LEVEL = "-O";
				VALIDATE_PRODUCT = YES;
			};
			name = Release;
		};
		B5ED7E0F29B9CCE400ADC8BE /* Debug */ = {
			isa = XCBuildConfiguration;
			buildSettings = {
				ASSETCATALOG_COMPILER_APPICON_NAME = AppIcon;
				ASSETCATALOG_COMPILER_GLOBAL_ACCENT_COLOR_NAME = AccentColor;
				CODE_SIGN_STYLE = Automatic;
				CURRENT_PROJECT_VERSION = 1;
				DEVELOPMENT_TEAM = T8AP55T38C;
				GENERATE_INFOPLIST_FILE = YES;
				INFOPLIST_FILE = "lesson 3 animations/Info.plist";
				INFOPLIST_KEY_UIApplicationSupportsIndirectInputEvents = YES;
				INFOPLIST_KEY_UILaunchStoryboardName = LaunchScreen;
				INFOPLIST_KEY_UIMainStoryboardFile = Main;
				INFOPLIST_KEY_UISupportedInterfaceOrientations_iPad = "UIInterfaceOrientationPortrait UIInterfaceOrientationPortraitUpsideDown UIInterfaceOrientationLandscapeLeft UIInterfaceOrientationLandscapeRight";
				INFOPLIST_KEY_UISupportedInterfaceOrientations_iPhone = "UIInterfaceOrientationPortrait UIInterfaceOrientationLandscapeLeft UIInterfaceOrientationLandscapeRight";
				LD_RUNPATH_SEARCH_PATHS = (
					"$(inherited)",
					"@executable_path/Frameworks",
				);
				MARKETING_VERSION = 1.0;
				PRODUCT_BUNDLE_IDENTIFIER = "konstantin-lopatkin.lesson-3-animations";
				PRODUCT_NAME = "$(TARGET_NAME)";
				SWIFT_EMIT_LOC_STRINGS = YES;
				SWIFT_VERSION = 5.0;
				TARGETED_DEVICE_FAMILY = "1,2";
			};
			name = Debug;
		};
		B5ED7E1029B9CCE400ADC8BE /* Release */ = {
			isa = XCBuildConfiguration;
			buildSettings = {
				ASSETCATALOG_COMPILER_APPICON_NAME = AppIcon;
				ASSETCATALOG_COMPILER_GLOBAL_ACCENT_COLOR_NAME = AccentColor;
				CODE_SIGN_STYLE = Automatic;
				CURRENT_PROJECT_VERSION = 1;
				DEVELOPMENT_TEAM = T8AP55T38C;
				GENERATE_INFOPLIST_FILE = YES;
				INFOPLIST_FILE = "lesson 3 animations/Info.plist";
				INFOPLIST_KEY_UIApplicationSupportsIndirectInputEvents = YES;
				INFOPLIST_KEY_UILaunchStoryboardName = LaunchScreen;
				INFOPLIST_KEY_UIMainStoryboardFile = Main;
				INFOPLIST_KEY_UISupportedInterfaceOrientations_iPad = "UIInterfaceOrientationPortrait UIInterfaceOrientationPortraitUpsideDown UIInterfaceOrientationLandscapeLeft UIInterfaceOrientationLandscapeRight";
				INFOPLIST_KEY_UISupportedInterfaceOrientations_iPhone = "UIInterfaceOrientationPortrait UIInterfaceOrientationLandscapeLeft UIInterfaceOrientationLandscapeRight";
				LD_RUNPATH_SEARCH_PATHS = (
					"$(inherited)",
					"@executable_path/Frameworks",
				);
				MARKETING_VERSION = 1.0;
				PRODUCT_BUNDLE_IDENTIFIER = "konstantin-lopatkin.lesson-3-animations";
				PRODUCT_NAME = "$(TARGET_NAME)";
				SWIFT_EMIT_LOC_STRINGS = YES;
				SWIFT_VERSION = 5.0;
				TARGETED_DEVICE_FAMILY = "1,2";
			};
			name = Release;
		};
/* End XCBuildConfiguration section */

/* Begin XCConfigurationList section */
		B5ED7DF529B9CCE200ADC8BE /* Build configuration list for PBXProject "lesson 3 animations" */ = {
			isa = XCConfigurationList;
			buildConfigurations = (
				B5ED7E0C29B9CCE400ADC8BE /* Debug */,
				B5ED7E0D29B9CCE400ADC8BE /* Release */,
			);
			defaultConfigurationIsVisible = 0;
			defaultConfigurationName = Release;
		};
		B5ED7E0E29B9CCE400ADC8BE /* Build configuration list for PBXNativeTarget "lesson 3 animations" */ = {
			isa = XCConfigurationList;
			buildConfigurations = (
				B5ED7E0F29B9CCE400ADC8BE /* Debug */,
				B5ED7E1029B9CCE400ADC8BE /* Release */,
			);
			defaultConfigurationIsVisible = 0;
			defaultConfigurationName = Release;
		};
/* End XCConfigurationList section */
	};
	rootObject = B5ED7DF229B9CCE200ADC8BE /* Project object */;
}
